version = 1
revision = 3
requires-python = "==3.12.*"

[[package]]
name = "blinker"
version = "1.9.0"
source = { registry = "https://pypi.org/simple" }
sdist = { url = "https://files.pythonhosted.org/packages/21/28/9b3f50ce0e048515135495f198351908d99540d69bfdc8c1d15b73dc55ce/blinker-1.9.0.tar.gz", hash = "sha256:b4ce2265a7abece45e7cc896e98dbebe6cead56bcf805a3d23136d145f5445bf", size = 22460, upload-time = "2024-11-08T17:25:47.436Z" }
wheels = [
    { url = "https://files.pythonhosted.org/packages/10/cb/f2ad4230dc2eb1a74edf38f1a38b9b52277f75bef262d8908e60d957e13c/blinker-1.9.0-py3-none-any.whl", hash = "sha256:ba0efaa9080b619ff2f3459d1d500c57bddea4a6b424b60a91141db6fd2f08bc", size = 8458, upload-time = "2024-11-08T17:25:46.184Z" },
]

[[package]]
name = "click"
version = "8.5.0"
source = { registry = "https://pypi.org/simple" }
sdist = { url = "https://files.pythonhosted.org/packages/c7/0e/7fa0ef50764b67090eca4114772a2abf8b6148198475e54c660b97caeee6/click-8.5.0.tar.gz", hash = "sha256:ba0d2089de75ea0310e2dde03160e6ca10009947fb95a182f9b54021bb272e34", size = 382235, upload-time = "2026-08-26T13:33:14.56Z" }
wheels = [
    { url = "https://files.pythonhosted.org/packages/58/50/6c0d534c5f134586a8e1ba4e330569e32f057e33372ae556463212fb4cd3/click-8.5.0-py3-none-any.whl", hash = "sha256:255bc9599cf7748b4b1a446ccc735421bd08a2ae529a8b88597d3de5664ee360", size = 125251, upload-time = "2026-08-26T13:33:12.928Z" },
]

[[package]]
name = "dominate"
version = "2.9.1"
source = { registry = "https://pypi.org/simple" }
sdist = { url = "https://files.pythonhosted.org/packages/fb/f3/1c8088ff19a0fcd9c3234802a0ee47006ea64bd8852f1019194f0e3583ff/dominate-2.9.1.tar.gz", hash = "sha256:558284687d9b8aae1904e3d6051ad132dd4a8c0cf551b37ea4e7e42a31d19dc4", size = 37715, upload-time = "2023-12-24T20:45:19.192Z" }
wheels = [
    { url = "https://files.pythonhosted.org/packages/58/19/0380af745f151a1648657bbcef0fb49ac28bf09083d94498163ffd9b32dc/dominate-2.9.1-py2.py3-none-any.whl", hash = "sha256:cb7b6b79d33b15ae0a6e87856b984879927c7c2ebb29522df4c75b28ffd9b989", size = 29976, upload-time = "2023-12-24T20:45:17.154Z" },
]

[[package]]
name = "flask"
version = "3.1.3"
source = { registry = "https://pypi.org/simple" }
dependencies = [
    { name = "blinker" },
    { name = "click" },
    { name = "itsdangerous" },
    { name = "jinja2" },
    { name = "markupsafe" },
    { name = "werkzeug" },
]
sdist = { url = "https://files.pythonhosted.org/packages/26/00/35d85dcce6c57fdc871f3867d465d780f302a175ea360f62533f12b27e2b/flask-3.1.3.tar.gz", hash = "sha256:0ef0e52b8a9cd932855379197dd8f94047b359ca0a78695144304cb45f87c9eb", size = 759004, upload-time = "2026-02-19T05:00:57.678Z" }
wheels = [
    { url = "https://files.pythonhosted.org/packages/7f/9c/34f6962f9b9e9c71f6e5ed806e0d0ff03c9d1b0b2340088a0cf4bce09b18/flask-3.1.3-py3-none-any.whl", hash = "sha256:f4bcbefc124291925f1a26446da31a5178f9483862233b23c0c96a20701f670c", size = 103424, upload-time = "2026-02-19T05:00:56.027Z" },
]

[[package]]
name = "flask-bootstrap"
version = "3.3.7.1"
source = { registry = "https://pypi.org/simple" }
dependencies = [
    { name = "dominate" },
    { name = "flask" },
    { name = "visitor" },
]
sdist = { url = "https://files.pythonhosted.org/packages/88/53/958ce7c2aa26280b7fd7f3eecbf13053f1302ee2acb1db58ef32e1c23c2a/Flask-Bootstrap-3.3.7.1.tar.gz", hash = "sha256:cb08ed940183f6343a64e465e83b3a3f13c53e1baabb8d72b5da4545ef123ac8", size = 456359, upload-time = "2017-01-11T23:28:23.944Z" }

[[package]]
name = "flask-ckeditor"
version = "1.0.0"
source = { registry = "https://pypi.org/simple" }
dependencies = [
    { name = "flask" },
]
sdist = { url = "https://files.pythonhosted.org/packages/a6/c9/d7559169bfc76c29054e1a4a4f1c49c034c1ba931181e48bb6af7ed87e7a/flask_ckeditor-1.0.0.tar.gz", hash = "sha256:e1737ca180ea0d46d53226f888f4786589f2e8ed810694aaff2aa68dfad15a98", size = 3387711, upload-time = "2024-07-04T15:42:45.23Z" }
wheels = [
    { url = "https://files.pythonhosted.org/packages/32/80/961516d05ffaf17c32aa595d30cdf7287a218d2ff60f212a09de512ffb19/Flask_CKEditor-1.0.0-py2.py3-none-any.whl", hash = "sha256:1a4aa871b510100df7bb8401b71cdcddfe1fd6d860649bc3760d0d43df485d72", size = 4581046, upload-time = "2024-07-04T15:42:42.851Z" },
]

[[package]]
name = "flask-login"
version = "0.6.3"
source = { registry = "https://pypi.org/simple" }
dependencies = [
    { name = "flask" },
    { name = "werkzeug" },
]
sdist = { url = "https://files.pythonhosted.org/packages/c3/6e/2f4e13e373bb49e68c02c51ceadd22d172715a06716f9299d9df01b6ddb2/Flask-Login-0.6.3.tar.gz", hash = "sha256:5e23d14a607ef12806c699590b89d0f0e0d67baeec599d75947bf9c147330333", size = 48834, upload-time = "2023-10-30T14:53:21.151Z" }
wheels = [
    { url = "https://files.pythonhosted.org/packages/59/f5/67e9cc5c2036f58115f9fe0f00d203cf6780c3ff8ae0e705e7a9d9e8ff9e/Flask_Login-0.6.3-py3-none-any.whl", hash = "sha256:849b25b82a436bf830a054e74214074af59097171562ab10bfa999e6b78aae5d", size = 17303, upload-time = "2023-10-30T14:53:19.636Z" },
]

[[package]]
name = "flask-sqlalchemy"
version = "3.1.1"
source = { registry = "https://pypi.org/simple" }
dependencies = [
    { name = "flask" },
    { name = "sqlalchemy" },
]
sdist = { url = "https://files.pythonhosted.org/packages/91/53/b0a9fcc1b1297f51e68b69ed3b7c3c40d8c45be1391d77ae198712914392/flask_sqlalchemy-3.1.1.tar.gz", hash = "sha256:e4b68bb881802dda1a7d878b2fc84c06d1ee57fb40b874d3dc97dabfa36b8312", size = 81899, upload-time = "2023-09-11T21:42:36.147Z" }
wheels = [
    { url = "https://files.pythonhosted.org/packages/1d/6a/89963a5c6ecf166e8be29e0d1bf6806051ee8fe6c82e232842e3aeac9204/flask_sqlalchemy-3.1.1-py3-none-any.whl", hash = "sha256:4ba4be7f419dc72f4efd8802d69974803c37259dd42f3913b0dcf75c9447e0a0", size = 25125, upload-time = "2023-09-11T21:42:34.514Z" },
]

[[package]]
name = "flask-wtf"
version = "1.3.0"
source = { registry = "https://pypi.org/simple" }
dependencies = [
    { name = "flask" },
    { name = "itsdangerous" },
    { name = "wtforms" },
]
sdist = { url = "https://files.pythonhosted.org/packages/91/f1/605a56d4ea217b307f3e6f4d663e0351253d85d841edc93ba559f0648e19/flask_wtf-1.3.0.tar.gz", hash = "sha256:61d5dabc50c3df885c297dcbd80810443a5d632106c8a69cab8ce740f0cdd7cc", size = 50414, upload-time = "2026-04-23T07:41:55.096Z" }
wheels = [
    { url = "https://files.pythonhosted.org/packages/14/d2/97adf2ec7af95522573e6dd5493ee84792d0fbfb2def010c4a581b8d6e5e/flask_wtf-1.3.0-py3-none-any.whl", hash = "sha256:dc5e3a4ce97f75c47bf6c1c72ad2c3b7bdf579a2ed13aebcc5d3d81fe2571160", size = 13959, upload-time = "2026-04-23T07:41:53.828Z" },
]

[[package]]
name = "george-blog"
version = "0.1.0"
source = { virtual = "." }
dependencies = [
    { name = "flask" },
    { name = "flask-bootstrap" },
    { name = "flask-ckeditor" },
    { name = "flask-login" },
    { name = "flask-sqlalchemy" },
    { name = "flask-wtf" },
    { name = "gunicorn" },
    { name = "psycopg2-binary" },
    { name = "python-decouple" },
    { name = "sqlalchemy" },
    { name = "werkzeug" },
    { name = "wtforms" },
]

[package.metadata]
requires-dist = [
    { name = "flask" },
    { name = "flask-bootstrap" },
    { name = "flask-ckeditor" },
    { name = "flask-login" },
    { name = "flask-sqlalchemy" },
    { name = "flask-wtf" },
    { name = "gunicorn" },
    { name = "psycopg2-binary" },
    { name = "python-decouple" },
    { name = "sqlalchemy" },
    { name = "werkzeug" },
    { name = "wtforms" },
]

[[package]]
name = "gunicorn"
version = "26.2.0"
source = { registry = "https://pypi.org/simple" }
sdist = { url = "https://files.pythonhosted.org/packages/d9/8a/e4ef6ee11701b6cd64702848415ffb69eeff85cb388a3c6c7fe86f22f3f8/gunicorn-26.2.0.tar.gz", hash = "sha256:62b864895d9ebff0b2f9867ba04fe811c93121596540830c9c916d0769668447", size = 787921, upload-time = "2026-08-24T15:05:59.3Z" }
wheels = [
    { url = "https://files.pythonhosted.org/packages/fe/85/7522a52e5e2f42faf1a129113ab63e548c42e103e9af395b7bfe65e403e2/gunicorn-26.2.0-py3-none-any.whl", hash = "sha256:bd249d0b3f7972f7432f0a6b6ff3b3ee2d129f70cd1ff6c09a9dd9e29a2b88e3", size = 228389, upload-time = "2026-08-24T15:05:57.67Z" },
]

[[package]]
name = "itsdangerous"
version = "2.2.0"
source = { registry = "https://pypi.org/simple" }
sdist = { url = "https://files.pythonhosted.org/packages/9c/cb/8ac0172223afbccb63986cc25049b154ecfb5e85932587206f42317be31d/itsdangerous-2.2.0.tar.gz", hash = "sha256:e0050c0b7da1eea53ffaf149c0cfbb5c6e2e2b69c4bef22c81fa6eb73e5f6173", size = 54410, upload-time = "2024-04-16T21:28:15.614Z" }
wheels = [
    { url = "https://files.pythonhosted.org/packages/04/96/92447566d16df59b2a776c0fb82dbc4d9e07cd95062562af01e408583fc4/itsdangerous-2.2.0-py3-none-any.whl", hash = "sha256:c6242fc49e35958c8b15141343aa660db5fc54d4f13a1db01a3f5891b98700ef", size = 16234, upload-time = "2024-04-16T21:28:14.499Z" },
]

[[package]]
name = "jinja2"
version = "3.1.6"
source = { registry = "https://pypi.org/simple" }
dependencies = [
    { name = "markupsafe" },
]
sdist = { url = "https://files.pythonhosted.org/packages/df/bf/f7da0350254c0ed7c72f3e33cef02e048281fec7ecec5f032d4aac52226b/jinja2-3.1.6.tar.gz", hash = "sha256:0137fb05990d35f1275a587e9aee6d56da821fc83491a0fb838183be43f66d6d", size = 245115, upload-time = "2025-03-05T20:05:02.478Z" }
wheels = [
    { url = "https://files.pythonhosted.org/packages/62/a1/3d680cbfd5f4b8f15abc1d571870c5fc3e594bb582bc3b64ea099db13e56/jinja2-3.1.6-py3-none-any.whl", hash = "sha256:85ece4451f492d0c13c5dd7c13a64681a86afae63a5f347908daf103ce6d2f67", size = 134899, upload-time = "2025-03-05T20:05:00.369Z" },
]

[[package]]
name = "markupsafe"
version = "3.0.3"
source = { registry = "https://pypi.org/simple" }
sdist = { url = "https://files.pythonhosted.org/packages/7e/99/7690b6d4034fffd95959cbe0c02de8deb3098cc577c67bb6a24fe5d7caa7/markupsafe-3.0.3.tar.gz", hash = "sha256:722695808f4b6457b320fdc131280796bdceb04ab50fe1795cd540799ebe1698", size = 80313, upload-time = "2025-09-27T18:37:40.426Z" }
wheels = [
    { url = "https://files.pythonhosted.org/packages/5a/72/147da192e38635ada20e0a2e1a51cf8823d2119ce8883f7053879c2199b5/markupsafe-3.0.3-cp312-cp312-macosx_10_13_x86_64.whl", hash = "sha256:d53197da72cc091b024dd97249dfc7794d6a56530370992a5e1a08983ad9230e", size = 11615, upload-time = "2025-09-27T18:36:30.854Z" },
    { url = "https://files.pythonhosted.org/packages/9a/81/7e4e08678a1f98521201c3079f77db69fb552acd56067661f8c2f534a718/markupsafe-3.0.3-cp312-cp312-macosx_11_0_arm64.whl", hash = "sha256:1872df69a4de6aead3491198eaf13810b565bdbeec3ae2dc8780f14458ec73ce", size = 12020, upload-time = "2025-09-27T18:36:31.971Z" },
    { url = "https://files.pythonhosted.org/packages/1e/2c/799f4742efc39633a1b54a92eec4082e4f815314869865d876824c257c1e/markupsafe-3.0.3-cp312-cp312-manylinux2014_aarch64.manylinux_2_17_aarch64.manylinux_2_28_aarch64.whl", hash = "sha256:3a7e8ae81ae39e62a41ec302f972ba6ae23a5c5396c8e60113e9066ef893da0d", size = 24332, upload-time = "2025-09-27T18:36:32.813Z" },
    { url = "https://files.pythonhosted.org/packages/3c/2e/8d0c2ab90a8c1d9a24f0399058ab8519a3279d1bd4289511d74e909f060e/markupsafe-3.0.3-cp312-cp312-manylinux2014_x86_64.manylinux_2_17_x86_64.manylinux_2_28_x86_64.whl", hash = "sha256:d6dd0be5b5b189d31db7cda48b91d7e0a9795f31430b7f271219ab30f1d3ac9d", size = 22947, upload-time = "2025-09-27T18:36:33.86Z" },
    { url = "https://files.pythonhosted.org/packages/2c/54/887f3092a85238093a0b2154bd629c89444f395618842e8b0c41783898ea/markupsafe-3.0.3-cp312-cp312-manylinux_2_31_riscv64.manylinux_2_39_riscv64.whl", hash = "sha256:94c6f0bb423f739146aec64595853541634bde58b2135f27f61c1ffd1cd4d16a", size = 21962, upload-time = "2025-09-27T18:36:35.099Z" },
    { url = "https://files.pythonhosted.org/packages/c9/2f/336b8c7b6f4a4d95e91119dc8521402461b74a485558d8f238a68312f11c/markupsafe-3.0.3-cp312-cp312-musllinux_1_2_aarch64.whl", hash = "sha256:be8813b57049a7dc738189df53d69395eba14fb99345e0a5994914a3864c8a4b", size = 23760, upload-time = "2025-09-27T18:36:36.001Z" },
    { url = "https://files.pythonhosted.org/packages/32/43/67935f2b7e4982ffb50a4d169b724d74b62a3964bc1a9a527f5ac4f1ee2b/markupsafe-3.0.3-cp312-cp312-musllinux_1_2_riscv64.whl", hash = "sha256:83891d0e9fb81a825d9a6d61e3f07550ca70a076484292a70fde82c4b807286f", size = 21529, upload-time = "2025-09-27T18:36:36.906Z" },
    { url = "https://files.pythonhosted.org/packages/89/e0/4486f11e51bbba8b0c041098859e869e304d1c261e59244baa3d295d47b7/markupsafe-3.0.3-cp312-cp312-musllinux_1_2_x86_64.whl", hash = "sha256:77f0643abe7495da77fb436f50f8dab76dbc6e5fd25d39589a0f1fe6548bfa2b", size = 23015, upload-time = "2025-09-27T18:36:37.868Z" },
    { url = "https://files.pythonhosted.org/packages/2f/e1/78ee7a023dac597a5825441ebd17170785a9dab23de95d2c7508ade94e0e/markupsafe-3.0.3-cp312-cp312-win32.whl", hash = "sha256:d88b440e37a16e651bda4c7c2b930eb586fd15ca7406cb39e211fcff3bf3017d", size = 14540, upload-time = "2025-09-27T18:36:38.761Z" },
    { url = "https://files.pythonhosted.org/packages/aa/5b/bec5aa9bbbb2c946ca2733ef9c4ca91c91b6a24580193e891b5f7dbe8e1e/markupsafe-3.0.3-cp312-cp312-win_amd64.whl", hash = "sha256:26a5784ded40c9e318cfc2bdb30fe164bdb8665ded9cd64d500a34fb42067b1c", size = 15105, upload-time = "2025-09-27T18:36:39.701Z" },
    { url = "https://files.pythonhosted.org/packages/e5/f1/216fc1bbfd74011693a4fd837e7026152e89c4bcf3e77b6692fba9923123/markupsafe-3.0.3-cp312-cp312-win_arm64.whl", hash = "sha256:35add3b638a5d900e807944a078b51922212fb3dedb01633a8defc4b01a3c85f", size = 13906, upload-time = "2025-09-27T18:36:40.689Z" },
]

[[package]]
name = "psycopg2-binary"
version = "2.9.13"
source = { registry = "https://pypi.org/simple" }
sdist = { url = "https://files.pythonhosted.org/packages/ed/76/7b4383014be0fcc6c1c0e24292845a14e1672cf17fca62ca0a2bd5f4563d/psycopg2_binary-2.9.13.tar.gz", hash = "sha256:e324ecf60f952d21dd11413b8bbed0951bbd99579a06fd06f28bfc37737cd373", size = 378112, upload-time = "2026-09-10T00:06:12.199Z" }
wheels = [
    { url = "https://files.pythonhosted.org/packages/fb/d1/d0125c56b865e3bc9f318d84930b2df71a729229dbb0ce12de748a82a6d7/psycopg2_binary-2.9.13-cp312-cp312-macosx_10_13_x86_64.whl", hash = "sha256:2bf9f97a6df69a5d89d054b8cf5257a0916096c479800715fbfe7974dbcb3a26", size = 3725735, upload-time = "2026-09-09T23:54:51.182Z" },
    { url = "https://files.pythonhosted.org/packages/54/a5/b5a73d0910555e38ee12c49c1740855f8a1e9776e87d65f0c51e1bab762a/psycopg2_binary-2.9.13-cp312-cp312-macosx_11_0_arm64.whl", hash = "sha256:07b7bd9f410650c34c3532162cc329f112368d78a3fc8668cb1ea9df61bc11bf", size = 3818000, upload-time = "2026-09-09T23:54:53.229Z" },
    { url = "https://files.pythonhosted.org/packages/3d/43/3e4783f62ae3f4fc19a5acf8d1c394df54458f1336febe188f317556d2a7/psycopg2_binary-2.9.13-cp312-cp312-manylinux2014_ppc64le.manylinux_2_17_ppc64le.whl", hash = "sha256:0463c00f946517f3e69192a59e6601e023ff9de45ad0a875eda3d6b1bebeb7ce", size = 4585760, upload-time = "2026-09-09T23:54:55.313Z" },
    { url = "https://files.pythonhosted.org/packages/8d/c4/a9a67ae65ad3d567eb0fc9cdf9a5a2783b779aecdcdc8945f1807b13d99e/psycopg2_binary-2.9.13-cp312-cp312-manylinux2014_x86_64.manylinux_2_17_x86_64.whl", hash = "sha256:e3861eba31f8ea8663fd876166b032fd89179e42aa63764d6feb281f13f9eb60", size = 4282380, upload-time = "2026-09-09T23:54:57.362Z" },
    { url = "https://files.pythonhosted.org/packages/b3/db/9d459d3da12e0b841cf1596579455aaa27e9e593e3e9a5a4ded5a55a7c15/psycopg2_binary-2.9.13-cp312-cp312-manylinux_2_27_aarch64.manylinux_2_28_aarch64.whl", hash = "sha256:3dc3372b3731b3ef23407fe06b94f640ef87a2bda242fa386033d5589c87514a", size = 5902039, upload-time = "2026-09-09T23:55:01.955Z" },
    { url = "https://files.pythonhosted.org/packages/d6/53/21079c10a581c50b6817498eda7c3481c1b3cdb41482bd08ebfccd3664c4/psycopg2_binary-2.9.13-cp312-cp312-manylinux_2_38_riscv64.manylinux_2_39_riscv64.whl", hash = "sha256:0405dd4d97720e7ab177aa02e493f524907c4cb3c445ac173e2627948d3d0528", size = 4119840, upload-time = "2026-09-09T23:55:04.336Z" },
    { url = "https://files.pythonhosted.org/packages/c4/ce/71e8d9e1b4f3e78157b49a5abdff50d915e95f2812550f6c9b4f2e4d5e94/psycopg2_binary-2.9.13-cp312-cp312-musllinux_1_2_aarch64.whl", hash = "sha256:b6ae51708201f501a171b02419d0c30878a743c369c9054eb1289f0f8d5979e2", size = 3661077, upload-time = "2026-09-09T23:55:06.118Z" },
    { url = "https://files.pythonhosted.org/packages/d9/54/b17616472f09a0fae96f8852692948b7eaa7c971d7629696da0e5932d996/psycopg2_binary-2.9.13-cp312-cp312-musllinux_1_2_ppc64le.whl", hash = "sha256:81682c227cc1849c4a6adf7b85274229073bb4c9d6ad5697222c695dcea5a8a7", size = 3307202, upload-time = "2026-09-09T23:55:08.061Z" },
    { url = "https://files.pythonhosted.org/packages/77/c7/d9737e222a377dac67a0ce0a2c73e7231a57f5cf18bb35a65d5c8d45d5d2/psycopg2_binary-2.9.13-cp312-cp312-musllinux_1_2_riscv64.whl", hash = "sha256:13d955f6054a705a19554364fe9888d0a6e8b0746dc7ebc08a447c7b4fd4145c", size = 3052893, upload-time = "2026-09-09T23:55:10.209Z" },
    { url = "https://files.pythonhosted.org/packages/7d/3d/c406c9f698f518c264381192c2bdf8952ee84e469ffa9f82db1411f57385/psycopg2_binary-2.9.13-cp312-cp312-musllinux_1_2_x86_64.whl", hash = "sha256:7e2405196a8cfe6cd3e54172a54452dcf85c241eaf2e9dde7190d7469f7f5ef7", size = 3355210, upload-time = "2026-09-09T23:55:11.883Z" },
    { url = "https://files.pythonhosted.org/packages/27/64/6e3a96699770af2d0d49a2002f722c69b656fc27623ff89281cf2b109644/psycopg2_binary-2.9.13-cp312-cp312-win_amd64.whl", hash = "sha256:376ebf7d8aee4b7386b2bac31fdc27911e7e57cd0a88f1e038b8b149398ac008", size = 2767784, upload-time = "2026-09-09T23:55:13.823Z" },
]

[[package]]
name = "python-decouple"
version = "3.8"
source = { registry = "https://pypi.org/simple" }
sdist = { url = "https://files.pythonhosted.org/packages/e1/97/373dcd5844ec0ea5893e13c39a2c67e7537987ad8de3842fe078db4582fa/python-decouple-3.8.tar.gz", hash = "sha256:ba6e2657d4f376ecc46f77a3a615e058d93ba5e465c01bbe57289bfb7cce680f", size = 9612, upload-time = "2023-03-01T19:38:38.143Z" }
wheels = [
    { url = "https://files.pythonhosted.org/packages/a2/d4/9193206c4563ec771faf2ccf54815ca7918529fe81f6adb22ee6d0e06622/python_decouple-3.8-py3-none-any.whl", hash = "sha256:d0d45340815b25f4de59c974b855bb38d03151d81b037d9e3f463b0c9f8cbd66", size = 9947, upload-time = "2023-03-01T19:38:36.015Z" },
]

[[package]]
name = "sqlalchemy"
version = "2.1.0"
source = { registry = "https://pypi.org/simple" }
dependencies = [
    { name = "typing-extensions" },
]
sdist = { url = "https://files.pythonhosted.org/packages/ba/29/8de56a7f78fb0d71fe4f91ee43401a24ba8777e6d4f72683f268c9e0c72e/sqlalchemy-2.1.0.tar.gz", hash = "sha256:37600e4641c435a7e4549f4e6df79d9dfc096bb9712a10dba8925921bc87bc3c", size = 10502427, upload-time = "2026-09-24T20:12:49.737Z" }
wheels = [
    { url = "https://files.pythonhosted.org/packages/db/f4/2fc46a1739a0ea1f653e1c1cb0e0a37e43cb9a5d27d609e72105a31b64e9/sqlalchemy-2.1.0-cp312-cp312-macosx_11_0_arm64.whl", hash = "sha256:713dba4aae624bf7a903e35ee653af713629098ff05c99dd41668d72b2e5abda", size = 2458587, upload-time = "2026-09-24T20:36:03.089Z" },
    { url = "https://files.pythonhosted.org/packages/06/76/e25ff72ea35d99c0d357877cb368f7a7c12313e5b4cf49c3f67cc0581569/sqlalchemy-2.1.0-cp312-cp312-manylinux2014_aarch64.manylinux_2_17_aarch64.manylinux_2_28_aarch64.whl", hash = "sha256:a394b67ae3723cc97cf83d1e72770f11584fe4b55b108a29211bfb873d5eab6d", size = 4653124, upload-time = "2026-09-24T20:45:07.024Z" },
    { url = "https://files.pythonhosted.org/packages/e0/d8/e9562c41c0efc9a8b9d0e44f97b08d8d88d1716891453b4d5c83ef1239b6/sqlalchemy-2.1.0-cp312-cp312-manylinux2014_x86_64.manylinux_2_17_x86_64.manylinux_2_28_x86_64.whl", hash = "sha256:83f680cd3e4f54215c1a46271530f7869ae878763b61096c497bf82964abd17b", size = 4701916, upload-time = "2026-09-24T20:48:16.875Z" },
    { url = "https://files.pythonhosted.org/packages/ad/2b/b148492f670cb343a0c165335c04333de4aa3dd00f43eba9d80aea883590/sqlalchemy-2.1.0-cp312-cp312-manylinux_2_31_riscv64.manylinux_2_39_riscv64.whl", hash = "sha256:73e513e8e878e9f20b8707b84f6dff6646d8eed62a7783f9df968e1b373d244f", size = 4351858, upload-time = "2026-09-24T21:07:57.657Z" },
    { url = "https://files.pythonhosted.org/packages/fc/db/fe5f85872967ec8b234fac64c62cd3affa662081f60b609672dac849198e/sqlalchemy-2.1.0-cp312-cp312-musllinux_1_2_aarch64.whl", hash = "sha256:e1726e9da236fcf838cb8dbfb4e72d17a1ed93956b211c52e40c33f18852f663", size = 4577009, upload-time = "2026-09-24T20:45:09.469Z" },
    { url = "https://files.pythonhosted.org/packages/e1/01/774d813bb5682dfc5e5403739ae3ab86e55cfaf328e93b5154f95202f278/sqlalchemy-2.1.0-cp312-cp312-musllinux_1_2_riscv64.whl", hash = "sha256:ba44748f6f22acfee9a7e4444d5fb2901e3b914ad23d6f9ca1104349e926ea92", size = 4346268, upload-time = "2026-09-24T21:07:59.812Z" },
    { url = "https://files.pythonhosted.org/packages/1a/4d/b7ebe30507ca5e0b0f561c36b111ce30f211f036667d8de4c5a252d97127/sqlalchemy-2.1.0-cp312-cp312-musllinux_1_2_x86_64.whl", hash = "sha256:9c7fcb399c088a082b5d9187db1468bb71514ba5389809a57da7229d51613b6f", size = 4650657, upload-time = "2026-09-24T20:48:18.927Z" },
    { url = "https://files.pythonhosted.org/packages/99/39/232e7853085158edcceda128e05c0e3a7570be606f4bde270247281c945f/sqlalchemy-2.1.0-cp312-cp312-win32.whl", hash = "sha256:ba8462d6e178af73a24c5eaea20fa325ac24c2941c6367ef59d5ccb20d6b9169", size = 2369272, upload-time = "2026-09-24T20:36:43.329Z" },
    { url = "https://files.pythonhosted.org/packages/d4/48/512fdd8a9c2078abc8378195051d7a1d7c2f15545c453138052030b80534/sqlalchemy-2.1.0-cp312-cp312-win_amd64.whl", hash = "sha256:46c7fcf4b3aac35947572c9598a35e101c2c8e01999ada5c7097a7666dd0ccf2", size = 2421594, upload-time = "2026-09-24T20:36:44.815Z" },
    { url = "https://files.pythonhosted.org/packages/0f/06/e274c2fa3d64e61bd55ab5de254ad31b07b9bfe108f33c24ff9de2465df1/sqlalchemy-2.1.0-cp312-cp312-win_arm64.whl", hash = "sha256:b87ed75fd74f49da2d637348ff2ef4453e15a8b3e798b06f52c5e57357fa49da", size = 2381171, upload-time = "2026-09-24T20:27:15.52Z" },
    { url = "https://files.pythonhosted.org/packages/25/8a/9178cd9411c57f16a1e73b0a75bca9270cd471aafdccae2dd8b0b491c9bd/sqlalchemy-2.1.0-py3-none-any.whl", hash = "sha256:8728cbc7544d05c5cab9bf50749636f128e4db4828a20ce5952355c4f33d6e2e", size = 2047583, upload-time = "2026-09-24T20:36:44.055Z" },
]

[[package]]
name = "typing-extensions"
version = "4.16.0"
source = { registry = "https://pypi.org/simple" }
sdist = { url = "https://files.pythonhosted.org/packages/f6/cc/6253133b5bb138fc3306cebfbda2c520f545d36b5be2c7255cc528bb45d6/typing_extensions-4.16.0.tar.gz", hash = "sha256:dc983d19a509c94dba722ee6abd33940f7c05a89e243c47e907eb4db6f1a43e5", size = 113555, upload-time = "2026-07-02T08:40:05.92Z" }
wheels = [
    { url = "https://files.pythonhosted.org/packages/49/d3/b8441a820a491ddfc024b0b0cf0393375b75ea13866d9c66727e54c2fc80/typing_extensions-4.16.0-py3-none-any.whl", hash = "sha256:481caa481374e813c1b176ada14e97f1f67a4539ce9cfeb3f350d78d6370c2e8", size = 45571, upload-time = "2026-07-02T08:40:04.659Z" },
]

[[package]]
name = "visitor"
version = "0.1.3"
source = { registry = "https://pypi.org/simple" }
sdist = { url = "https://files.pythonhosted.org/packages/d7/58/785fcd6de4210049da5fafe62301b197f044f3835393594be368547142b0/visitor-0.1.3.tar.gz", hash = "sha256:2c737903b2b6864ebc6167eef7cf3b997126f1aa94bdf590f90f1436d23e480a", size = 3260, upload-time = "2016-05-18T19:27:53.383Z" }

[[package]]
name = "werkzeug"
version = "3.1.8"
source = { registry = "https://pypi.org/simple" }
dependencies = [
    { name = "markupsafe" },
]
sdist = { url = "https://files.pythonhosted.org/packages/dd/b2/381be8cfdee792dd117872481b6e378f85c957dd7c5bca38897b08f765fd/werkzeug-3.1.8.tar.gz", hash = "sha256:9bad61a4268dac112f1c5cd4630a56ede601b6ed420300677a869083d70a4c44", size = 875852, upload-time = "2026-04-02T18:49:14.268Z" }
wheels = [
    { url = "https://files.pythonhosted.org/packages/93/8c/2e650f2afeb7ee576912636c23ddb621c91ac6a98e66dc8d29c3c69446e1/werkzeug-3.1.8-py3-none-any.whl", hash = "sha256:63a77fb8892bf28ebc3178683445222aa500e48ebad5ec77b0ad80f8726b1f50", size = 226459, upload-time = "2026-04-02T18:49:12.72Z" },
]

[[package]]
name = "wtforms"
version = "3.2.2"
source = { registry = "https://pypi.org/simple" }
dependencies = [
    { name = "markupsafe" },
]
sdist = { url = "https://files.pythonhosted.org/packages/e9/91/ed9b517da898e3fb747566aa3c12a734bd64ea7449a0d25ec74ce8f8b8eb/wtforms-3.2.2.tar.gz", hash = "sha256:7b00c73f8670f35d4edb0293dcd81b980528bee72fd662b182aaba27ae570b93", size = 139583, upload-time = "2026-05-03T05:53:44.147Z" }
wheels = [
    { url = "https://files.pythonhosted.org/packages/18/76/bb225c8300f3a0ba28e01df51419c6c9574a297c43d71b29048e03b65deb/wtforms-3.2.2-py3-none-any.whl", hash = "sha256:72b90d5d921bd3119252069cf0301e9c13915f9e52792652bc91c5dda4b79e56", size = 158656, upload-time = "2026-05-03T05:53:46.072Z" },
]
